<?xml version="1.0" encoding="utf-8"?>
<Project ToolsVersion="4.0" xmlns="http://schemas.microsoft.com/developer/msbuild/2003">
  <ItemGroup>
    <Filter Include="Platform">
      <UniqueIdentifier>{2AC788B4-1694-E3BF-3FAD-D1672BD9184E}</UniqueIdentifier>
    </Filter>
    <Filter Include="Platform\OpenGL">
      <UniqueIdentifier>{1E7D2C1D-8A08-9AE1-9319-1DD6FF23F6E1}</UniqueIdentifier>
    </Filter>
    <Filter Include="Platform\Windows">
      <UniqueIdentifier>{64FBD71A-50F4-F66C-7926-DCF1657ED678}</UniqueIdentifier>
    </Filter>
    <Filter Include="SoLin">
      <UniqueIdentifier>{4A211B0E-B635-43BF-7FB7-E61EEB8A3FF0}</UniqueIdentifier>
    </Filter>
    <Filter Include="SoLin\Events">
      <UniqueIdentifier>{EE35A954-DA98-38F9-831E-71AF6F60047C}</UniqueIdentifier>
    </Filter>
    <Filter Include="SoLin\ImGui">
      <UniqueIdentifier>{F4E58DEB-609B-06E1-E98F-00B85544FDE4}</UniqueIdentifier>
    </Filter>
  </ItemGroup>
  <ItemGroup>
    <ClInclude Include="src\Platform\OpenGL\IMGuiGLFW.h">
      <Filter>Platform\OpenGL</Filter>
    </ClInclude>
    <ClInclude Include="src\Platform\OpenGL\ImGuiOpenGLLoader.h">
      <Filter>Platform\OpenGL</Filter>
    </ClInclude>
    <ClInclude Include="src\Platform\OpenGL\ImGuiOpenGLRenderer.h">
      <Filter>Platform\OpenGL</Filter>
    </ClInclude>
    <ClInclude Include="src\Platform\Windows\WindowsWndow.h">
      <Filter>Platform\Windows</Filter>
    </ClInclude>
    <ClInclude Include="src\SoLin.h" />
    <ClInclude Include="src\SoLin\Application.h">
      <Filter>SoLin</Filter>
    </ClInclude>
    <ClInclude Include="src\SoLin\Core.h">
      <Filter>SoLin</Filter>
    </ClInclude>
    <ClInclude Include="src\SoLin\EntryPoint.h">
      <Filter>SoLin</Filter>
    </ClInclude>
    <ClInclude Include="src\SoLin\Events\ApplicationEvent.h">
      <Filter>SoLin\Events</Filter>
    </ClInclude>
    <ClInclude Include="src\SoLin\Events\Event.h">
      <Filter>SoLin\Events</Filter>
    </ClInclude>
    <ClInclude Include="src\SoLin\Events\KeyEvent.h">
      <Filter>SoLin\Events</Filter>
    </ClInclude>
    <ClInclude Include="src\SoLin\Events\MouseEvent.h">
      <Filter>SoLin\Events</Filter>
    </ClInclude>
    <ClInclude Include="src\SoLin\ImGui\ImGuiLayer.h">
      <Filter>SoLin\ImGui</Filter>
    </ClInclude>
    <ClInclude Include="src\SoLin\Layer.h">
      <Filter>SoLin</Filter>
    </ClInclude>
    <ClInclude Include="src\SoLin\LayerStack.h">
      <Filter>SoLin</Filter>
    </ClInclude>
    <ClInclude Include="src\SoLin\Log.h">
      <Filter>SoLin</Filter>
    </ClInclude>
    <ClInclude Include="src\SoLin\Window.h">
      <Filter>SoLin</Filter>
    </ClInclude>
    <ClInclude Include="src\slpch.h" />
  </ItemGroup>
  <ItemGroup>
    <ClCompile Include="src\Platform\OpenGL\ImGuiGLFW.cpp">
      <Filter>Platform\OpenGL</Filter>
    </ClCompile>
    <ClCompile Include="src\Platform\OpenGL\ImGuiOpenGLRenderer.cpp">
      <Filter>Platform\OpenGL</Filter>
    </ClCompile>
    <ClCompile Include="src\Platform\Windows\WindowsWndow.cpp">
      <Filter>Platform\Windows</Filter>
    </ClCompile>
    <ClCompile Include="src\SoLin\Application.cpp">
      <Filter>SoLin</Filter>
    </ClCompile>
    <ClCompile Include="src\SoLin\ImGui\ImGuiLayer.cpp">
      <Filter>SoLin\ImGui</Filter>
    </ClCompile>
    <ClCompile Include="src\SoLin\Layer.cpp">
      <Filter>SoLin</Filter>
    </ClCompile>
    <ClCompile Include="src\SoLin\LayerStack.cpp">
      <Filter>SoLin</Filter>
    </ClCompile>
    <ClCompile Include="src\SoLin\Log.cpp">
      <Filter>SoLin</Filter>
    </ClCompile>
    <ClCompile Include="src\slpch.cpp" />
  </ItemGroup>
</Project>