<?xml version="1.0" encoding="utf-8"?>
<Project ToolsVersion="4.0" xmlns="http://schemas.microsoft.com/developer/msbuild/2003">
  <ItemGroup>
    <Filter Include="SoLin">
      <UniqueIdentifier>{4A211B0E-B635-43BF-7FB7-E61EEB8A3FF0}</UniqueIdentifier>
    </Filter>
    <Filter Include="SoLin\Events">
      <UniqueIdentifier>{EE35A954-DA98-38F9-831E-71AF6F60047C}</UniqueIdentifier>
    </Filter>
  </ItemGroup>
  <ItemGroup>
    <ClInclude Include="src\SoLin.h" />
    <ClInclude Include="src\SoLin\Application.h">
      <Filter>SoLin</Filter>
    </ClInclude>
    <ClInclude Include="src\SoLin\Core.h">
      <Filter>SoLin</Filter>
    </ClInclude>
    <ClInclude Include="src\SoLin\EntryPoint.h">
      <Filter>SoLin</Filter>
    </ClInclude>
    <ClInclude Include="src\SoLin\Events\ApplicationEvent.h">
      <Filter>SoLin\Events</Filter>
    </ClInclude>
    <ClInclude Include="src\SoLin\Events\Event.h">
      <Filter>SoLin\Events</Filter>
    </ClInclude>
    <ClInclude Include="src\SoLin\Events\KeyEvent.h">
      <Filter>SoLin\Events</Filter>
    </ClInclude>
    <ClInclude Include="src\SoLin\Events\MouseEvent.h">
      <Filter>SoLin\Events</Filter>
    </ClInclude>
    <ClInclude Include="src\SoLin\Log.h">
      <Filter>SoLin</Filter>
    </ClInclude>
    <ClInclude Include="src\slpch.h" />
  </ItemGroup>
  <ItemGroup>
    <ClCompile Include="src\SoLin\Application.cpp">
      <Filter>SoLin</Filter>
    </ClCompile>
    <ClCompile Include="src\SoLin\Log.cpp">
      <Filter>SoLin</Filter>
    </ClCompile>
    <ClCompile Include="src\slpch.cpp" />
  </ItemGroup>
</Project>